
Microsoft Visual Studio Solution File, Format Version 12.00
# Visual Studio Version 17
VisualStudioVersion = 17.8.34316.72
MinimumVisualStudioVersion = 10.0.40219.1
Project("{9A19103F-16F7-4668-BE54-9A1E7A4F7556}") = "MovieSea", "MovieSea.csproj", "{531C603B-80FB-49E7-9C21-716D95BC836D}"
EndProject
Global
	GlobalSection(SolutionConfigurationPlatforms) = preSolution
		Debug|Any CPU = Debug|Any CPU
		Release|Any CPU = Release|Any CPU
	EndGlobalSection
	GlobalSection(ProjectConfigurationPlatforms) = postSolution
		{531C603B-80FB-49E7-9C21-716D95BC836D}.Debug|Any CPU.ActiveCfg = Debug|Any CPU
		{531C603B-80FB-49E7-9C21-716D95BC836D}.Debug|Any CPU.Build.0 = Debug|Any CPU
		{531C603B-80FB-49E7-9C21-716D95BC836D}.Release|Any CPU.ActiveCfg = Release|Any CPU
		{531C603B-80FB-49E7-9C21-716D95BC836D}.Release|Any CPU.Build.0 = Release|Any CPU
	EndGlobalSection
	GlobalSection(SolutionProperties) = preSolution
		HideSolutionNode = FALSE
	EndGlobalSection
	GlobalSection(ExtensibilityGlobals) = postSolution
		SolutionGuid = {5A509C4D-F848-4F0E-8D91-FBFE42107D96}
	EndGlobalSection
EndGlobal
